
Microsoft Visual Studio Solution File, Format Version 12.00
# Visual Studio 14
VisualStudioVersion = 14.0.25420.1
MinimumVisualStudioVersion = 10.0.40219.1
Project("{FAE04EC0-301F-11D3-BF4B-00C04F79EFBC}") = "HomeBuilding.LIB", "HomeBuilding.LIB\HomeBuilding.LIB.csproj", "{DA9E3E9D-9C92-49E3-AF5A-C69D85740C29}"
EndProject
Project("{FAE04EC0-301F-11D3-BF4B-00C04F79EFBC}") = "BuildHouse", "BuildHouse\BuildHouse.csproj", "{60496ACF-983E-4BAC-94BC-0244181A4C80}"
EndProject
Global
	GlobalSection(SolutionConfigurationPlatforms) = preSolution
		Debug|Any CPU = Debug|Any CPU
		Release|Any CPU = Release|Any CPU
	EndGlobalSection
	GlobalSection(ProjectConfigurationPlatforms) = postSolution
		{DA9E3E9D-9C92-49E3-AF5A-C69D85740C29}.Debug|Any CPU.ActiveCfg = Debug|Any CPU
		{DA9E3E9D-9C92-49E3-AF5A-C69D85740C29}.Debug|Any CPU.Build.0 = Debug|Any CPU
		{DA9E3E9D-9C92-49E3-AF5A-C69D85740C29}.Release|Any CPU.ActiveCfg = Release|Any CPU
		{DA9E3E9D-9C92-49E3-AF5A-C69D85740C29}.Release|Any CPU.Build.0 = Release|Any CPU
		{60496ACF-983E-4BAC-94BC-0244181A4C80}.Debug|Any CPU.ActiveCfg = Debug|Any CPU
		{60496ACF-983E-4BAC-94BC-0244181A4C80}.Debug|Any CPU.Build.0 = Debug|Any CPU
		{60496ACF-983E-4BAC-94BC-0244181A4C80}.Release|Any CPU.ActiveCfg = Release|Any CPU
		{60496ACF-983E-4BAC-94BC-0244181A4C80}.Release|Any CPU.Build.0 = Release|Any CPU
	EndGlobalSection
	GlobalSection(SolutionProperties) = preSolution
		HideSolutionNode = FALSE
	EndGlobalSection
EndGlobal
